
Microsoft Visual Studio Solution File, Format Version 12.00
# Visual Studio Version 17
VisualStudioVersion = 17.8.34525.116
MinimumVisualStudioVersion = 10.0.40219.1
Project("{FAE04EC0-301F-11D3-BF4B-00C04F79EFBC}") = "PensionContributionSystem", "PensionContributionSystem\PensionContributionSystem.csproj", "{D956CBF3-0C2D-44A7-92E1-8368FC345120}"
EndProject
Project("{FAE04EC0-301F-11D3-BF4B-00C04F79EFBC}") = "PensionContributionSystemTest", "PensionContributionSystemTest\PensionContributionSystemTest.csproj", "{86306F4F-60A4-47A9-8EF6-173627174697}"
EndProject
Global
	GlobalSection(SolutionConfigurationPlatforms) = preSolution
		Debug|Any CPU = Debug|Any CPU
		Release|Any CPU = Release|Any CPU
	EndGlobalSection
	GlobalSection(ProjectConfigurationPlatforms) = postSolution
		{D956CBF3-0C2D-44A7-92E1-8368FC345120}.Debug|Any CPU.ActiveCfg = Debug|Any CPU
		{D956CBF3-0C2D-44A7-92E1-8368FC345120}.Debug|Any CPU.Build.0 = Debug|Any CPU
		{D956CBF3-0C2D-44A7-92E1-8368FC345120}.Release|Any CPU.ActiveCfg = Release|Any CPU
		{D956CBF3-0C2D-44A7-92E1-8368FC345120}.Release|Any CPU.Build.0 = Release|Any CPU
		{86306F4F-60A4-47A9-8EF6-173627174697}.Debug|Any CPU.ActiveCfg = Debug|Any CPU
		{86306F4F-60A4-47A9-8EF6-173627174697}.Debug|Any CPU.Build.0 = Debug|Any CPU
		{86306F4F-60A4-47A9-8EF6-173627174697}.Release|Any CPU.ActiveCfg = Release|Any CPU
		{86306F4F-60A4-47A9-8EF6-173627174697}.Release|Any CPU.Build.0 = Release|Any CPU
	EndGlobalSection
	GlobalSection(SolutionProperties) = preSolution
		HideSolutionNode = FALSE
	EndGlobalSection
	GlobalSection(ExtensibilityGlobals) = postSolution
		SolutionGuid = {F2ECC4F9-BE31-478A-BACB-1C726A81010C}
	EndGlobalSection
EndGlobal
